// !$*UTF8*$!
{
	archiveVersion = 1;
	classes = {
	};
	objectVersion = 56;
	objects = {

/* Begin PBXBuildFile section */
		20FA154B2B9A788F00C835F0 /* CookBookApp.swift in Sources */ = {isa = PBXBuildFile; fileRef = 20FA154A2B9A788F00C835F0 /* CookBookApp.swift */; };
		20FA154F2B9A789000C835F0 /* Assets.xcassets in Resources */ = {isa = PBXBuildFile; fileRef = 20FA154E2B9A789000C835F0 /* Assets.xcassets */; };
		20FA15522B9A789000C835F0 /* Preview Assets.xcassets in Resources */ = {isa = PBXBuildFile; fileRef = 20FA15512B9A789000C835F0 /* Preview Assets.xcassets */; };
		20FA157D2B9B344500C835F0 /* Colors.xcassets in Resources */ = {isa = PBXBuildFile; fileRef = 20FA157C2B9B344500C835F0 /* Colors.xcassets */; };
		20FA15DB2B9BC32B00C835F0 /* HomeView.swift in Sources */ = {isa = PBXBuildFile; fileRef = 20FA15DA2B9BC32B00C835F0 /* HomeView.swift */; };
		20FA15DF2B9BC4C100C835F0 /* Receipe.swift in Sources */ = {isa = PBXBuildFile; fileRef = 20FA15DE2B9BC4C100C835F0 /* Receipe.swift */; };
		303EE0862ED0B62B00AF7017 /* AuthTextField.swift in Sources */ = {isa = PBXBuildFile; fileRef = 303EE0852ED0B62700AF7017 /* AuthTextField.swift */; };
		303EE0882ED0B8D100AF7017 /* PasswordTextField.swift in Sources */ = {isa = PBXBuildFile; fileRef = 303EE0872ED0B8CC00AF7017 /* PasswordTextField.swift */; };
		303EE08A2ED0BB3500AF7017 /* RegisterViewModel.swift in Sources */ = {isa = PBXBuildFile; fileRef = 303EE0892ED0BB2C00AF7017 /* RegisterViewModel.swift */; };
		303EE08D2ED699F600AF7017 /* AuthManager.swift in Sources */ = {isa = PBXBuildFile; fileRef = 303EE08C2ED699EE00AF7017 /* AuthManager.swift */; };
		303EE08F2ED6A0EC00AF7017 /* AddReceipeView.swift in Sources */ = {isa = PBXBuildFile; fileRef = 303EE08E2ED6A0EC00AF7017 /* AddReceipeView.swift */; };
		303EE0912ED6A29800AF7017 /* CapsuleTextFieldStyle.swift in Sources */ = {isa = PBXBuildFile; fileRef = 303EE0902ED6A29300AF7017 /* CapsuleTextFieldStyle.swift */; };
		303EE0932ED6A66900AF7017 /* PrimaryButtonStyle.swift in Sources */ = {isa = PBXBuildFile; fileRef = 303EE0922ED6A66400AF7017 /* PrimaryButtonStyle.swift */; };
		303EE0952ED6A77400AF7017 /* HomeViewModel.swift in Sources */ = {isa = PBXBuildFile; fileRef = 303EE0942ED6A77000AF7017 /* HomeViewModel.swift */; };
		303EE0972ED6A88300AF7017 /* AddReceipeViewModel.swift in Sources */ = {isa = PBXBuildFile; fileRef = 303EE0962ED6A87E00AF7017 /* AddReceipeViewModel.swift */; };
		30530E9F2ED931620005DA2B /* GoogleService-Info.plist in Resources */ = {isa = PBXBuildFile; fileRef = 30530E9E2ED931620005DA2B /* GoogleService-Info.plist */; };
		30530EA22ED9335B0005DA2B /* FirebaseAuth in Frameworks */ = {isa = PBXBuildFile; productRef = 30530EA12ED9335B0005DA2B /* FirebaseAuth */; };
		30530EA42ED9335B0005DA2B /* FirebaseFirestore in Frameworks */ = {isa = PBXBuildFile; productRef = 30530EA32ED9335B0005DA2B /* FirebaseFirestore */; };
		30530EA62ED9335B0005DA2B /* FirebaseStorage in Frameworks */ = {isa = PBXBuildFile; productRef = 30530EA52ED9335B0005DA2B /* FirebaseStorage */; };
		30530EA82ED9386F0005DA2B /* Untitled.swift in Sources */ = {isa = PBXBuildFile; fileRef = 30530EA72ED9386E0005DA2B /* Untitled.swift */; };
		30530EAA2ED9387C0005DA2B /* LoadingComponentView.swift in Sources */ = {isa = PBXBuildFile; fileRef = 30530EA92ED9387C0005DA2B /* LoadingComponentView.swift */; };
		30530EAC2ED940C30005DA2B /* User.swift in Sources */ = {isa = PBXBuildFile; fileRef = 30530EAB2ED940C20005DA2B /* User.swift */; };
		309ABA832ED0B01300A67A40 /* LoginView.swift in Sources */ = {isa = PBXBuildFile; fileRef = 309ABA822ED0B01300A67A40 /* LoginView.swift */; };
		309ABA862ED0B34A00A67A40 /* LoginViewModel.swift in Sources */ = {isa = PBXBuildFile; fileRef = 309ABA852ED0B34600A67A40 /* LoginViewModel.swift */; };
		309ABA8A2ED0B42400A67A40 /* RegisterView.swift in Sources */ = {isa = PBXBuildFile; fileRef = 309ABA892ED0B42400A67A40 /* RegisterView.swift */; };
/* End PBXBuildFile section */

/* Begin PBXFileReference section */
		20FA15472B9A788F00C835F0 /* CookBook.app */ = {isa = PBXFileReference; explicitFileType = wrapper.application; includeInIndex = 0; path = CookBook.app; sourceTree = BUILT_PRODUCTS_DIR; };
		20FA154A2B9A788F00C835F0 /* CookBookApp.swift */ = {isa = PBXFileReference; lastKnownFileType = sourcecode.swift; path = CookBookApp.swift; sourceTree = "<group>"; };
		20FA154E2B9A789000C835F0 /* Assets.xcassets */ = {isa = PBXFileReference; lastKnownFileType = folder.assetcatalog; path = Assets.xcassets; sourceTree = "<group>"; };
		20FA15512B9A789000C835F0 /* Preview Assets.xcassets */ = {isa = PBXFileReference; lastKnownFileType = folder.assetcatalog; path = "Preview Assets.xcassets"; sourceTree = "<group>"; };
		20FA157C2B9B344500C835F0 /* Colors.xcassets */ = {isa = PBXFileReference; lastKnownFileType = folder.assetcatalog; path = Colors.xcassets; sourceTree = "<group>"; };
		20FA15DA2B9BC32B00C835F0 /* HomeView.swift */ = {isa = PBXFileReference; lastKnownFileType = sourcecode.swift; path = HomeView.swift; sourceTree = "<group>"; };
		20FA15DE2B9BC4C100C835F0 /* Receipe.swift */ = {isa = PBXFileReference; lastKnownFileType = sourcecode.swift; path = Receipe.swift; sourceTree = "<group>"; };
		303EE0852ED0B62700AF7017 /* AuthTextField.swift */ = {isa = PBXFileReference; lastKnownFileType = sourcecode.swift; path = AuthTextField.swift; sourceTree = "<group>"; };
		303EE0872ED0B8CC00AF7017 /* PasswordTextField.swift */ = {isa = PBXFileReference; lastKnownFileType = sourcecode.swift; path = PasswordTextField.swift; sourceTree = "<group>"; };
		303EE0892ED0BB2C00AF7017 /* RegisterViewModel.swift */ = {isa = PBXFileReference; lastKnownFileType = sourcecode.swift; path = RegisterViewModel.swift; sourceTree = "<group>"; };
		303EE08C2ED699EE00AF7017 /* AuthManager.swift */ = {isa = PBXFileReference; lastKnownFileType = sourcecode.swift; path = AuthManager.swift; sourceTree = "<group>"; };
		303EE08E2ED6A0EC00AF7017 /* AddReceipeView.swift */ = {isa = PBXFileReference; lastKnownFileType = sourcecode.swift; path = AddReceipeView.swift; sourceTree = "<group>"; };
		303EE0902ED6A29300AF7017 /* CapsuleTextFieldStyle.swift */ = {isa = PBXFileReference; lastKnownFileType = sourcecode.swift; path = CapsuleTextFieldStyle.swift; sourceTree = "<group>"; };
		303EE0922ED6A66400AF7017 /* PrimaryButtonStyle.swift */ = {isa = PBXFileReference; lastKnownFileType = sourcecode.swift; path = PrimaryButtonStyle.swift; sourceTree = "<group>"; };
		303EE0942ED6A77000AF7017 /* HomeViewModel.swift */ = {isa = PBXFileReference; lastKnownFileType = sourcecode.swift; path = HomeViewModel.swift; sourceTree = "<group>"; };
		303EE0962ED6A87E00AF7017 /* AddReceipeViewModel.swift */ = {isa = PBXFileReference; lastKnownFileType = sourcecode.swift; path = AddReceipeViewModel.swift; sourceTree = "<group>"; };
		30530E9E2ED931620005DA2B /* GoogleService-Info.plist */ = {isa = PBXFileReference; lastKnownFileType = text.plist.xml; path = "GoogleService-Info.plist"; sourceTree = "<group>"; };
		30530EA72ED9386E0005DA2B /* Untitled.swift */ = {isa = PBXFileReference; lastKnownFileType = sourcecode.swift; path = Untitled.swift; sourceTree = "<group>"; };
		30530EA92ED9387C0005DA2B /* LoadingComponentView.swift */ = {isa = PBXFileReference; lastKnownFileType = sourcecode.swift; path = LoadingComponentView.swift; sourceTree = "<group>"; };
		30530EAB2ED940C20005DA2B /* User.swift */ = {isa = PBXFileReference; lastKnownFileType = sourcecode.swift; path = User.swift; sourceTree = "<group>"; };
		309ABA822ED0B01300A67A40 /* LoginView.swift */ = {isa = PBXFileReference; lastKnownFileType = sourcecode.swift; path = LoginView.swift; sourceTree = "<group>"; };
		309ABA852ED0B34600A67A40 /* LoginViewModel.swift */ = {isa = PBXFileReference; lastKnownFileType = sourcecode.swift; path = LoginViewModel.swift; sourceTree = "<group>"; };
		309ABA892ED0B42400A67A40 /* RegisterView.swift */ = {isa = PBXFileReference; lastKnownFileType = sourcecode.swift; path = RegisterView.swift; sourceTree = "<group>"; };
/* End PBXFileReference section */

/* Begin PBXFrameworksBuildPhase section */
		20FA15442B9A788F00C835F0 /* Frameworks */ = {
			isa = PBXFrameworksBuildPhase;
			buildActionMask = 2147483647;
			files = (
				30530EA22ED9335B0005DA2B /* FirebaseAuth in Frameworks */,
				30530EA42ED9335B0005DA2B /* FirebaseFirestore in Frameworks */,
				30530EA62ED9335B0005DA2B /* FirebaseStorage in Frameworks */,
			);
			runOnlyForDeploymentPostprocessing = 0;
		};
/* End PBXFrameworksBuildPhase section */

/* Begin PBXGroup section */
		20FA153E2B9A788F00C835F0 = {
			isa = PBXGroup;
			children = (
				20FA15492B9A788F00C835F0 /* CookBook */,
				20FA15482B9A788F00C835F0 /* Products */,
				20FA156A2B9B330700C835F0 /* Frameworks */,
			);
			sourceTree = "<group>";
		};
		20FA15482B9A788F00C835F0 /* Products */ = {
			isa = PBXGroup;
			children = (
				20FA15472B9A788F00C835F0 /* CookBook.app */,
			);
			name = Products;
			sourceTree = "<group>";
		};
		20FA15492B9A788F00C835F0 /* CookBook */ = {
			isa = PBXGroup;
			children = (
				30530E9E2ED931620005DA2B /* GoogleService-Info.plist */,
				303EE08B2ED699E800AF7017 /* Manager */,
				303EE0842ED0B62000AF7017 /* Components */,
				309ABA842ED0B33B00A67A40 /* ViewModel */,
				20FA157E2B9B41B700C835F0 /* Views */,
				20FA156F2B9B333500C835F0 /* Models */,
				20FA154A2B9A788F00C835F0 /* CookBookApp.swift */,
				20FA154E2B9A789000C835F0 /* Assets.xcassets */,
				20FA15502B9A789000C835F0 /* Preview Content */,
				20FA157C2B9B344500C835F0 /* Colors.xcassets */,
			);
			path = CookBook;
			sourceTree = "<group>";
		};
		20FA15502B9A789000C835F0 /* Preview Content */ = {
			isa = PBXGroup;
			children = (
				20FA15512B9A789000C835F0 /* Preview Assets.xcassets */,
			);
			path = "Preview Content";
			sourceTree = "<group>";
		};
		20FA156A2B9B330700C835F0 /* Frameworks */ = {
			isa = PBXGroup;
			children = (
			);
			name = Frameworks;
			sourceTree = "<group>";
		};
		20FA156F2B9B333500C835F0 /* Models */ = {
			isa = PBXGroup;
			children = (
				30530EAB2ED940C20005DA2B /* User.swift */,
				20FA15DE2B9BC4C100C835F0 /* Receipe.swift */,
			);
			path = Models;
			sourceTree = "<group>";
		};
		20FA157E2B9B41B700C835F0 /* Views */ = {
			isa = PBXGroup;
			children = (
				20FA15DA2B9BC32B00C835F0 /* HomeView.swift */,
				309ABA822ED0B01300A67A40 /* LoginView.swift */,
				309ABA892ED0B42400A67A40 /* RegisterView.swift */,
				303EE08E2ED6A0EC00AF7017 /* AddReceipeView.swift */,
			);
			path = Views;
			sourceTree = "<group>";
		};
		303EE0842ED0B62000AF7017 /* Components */ = {
			isa = PBXGroup;
			children = (
				30530EA72ED9386E0005DA2B /* Untitled.swift */,
				303EE0922ED6A66400AF7017 /* PrimaryButtonStyle.swift */,
				303EE0902ED6A29300AF7017 /* CapsuleTextFieldStyle.swift */,
				303EE0872ED0B8CC00AF7017 /* PasswordTextField.swift */,
				303EE0852ED0B62700AF7017 /* AuthTextField.swift */,
				30530EA92ED9387C0005DA2B /* LoadingComponentView.swift */,
			);
			path = Components;
			sourceTree = "<group>";
		};
		303EE08B2ED699E800AF7017 /* Manager */ = {
			isa = PBXGroup;
			children = (
				303EE08C2ED699EE00AF7017 /* AuthManager.swift */,
			);
			path = Manager;
			sourceTree = "<group>";
		};
		309ABA842ED0B33B00A67A40 /* ViewModel */ = {
			isa = PBXGroup;
			children = (
				303EE0892ED0BB2C00AF7017 /* RegisterViewModel.swift */,
				309ABA852ED0B34600A67A40 /* LoginViewModel.swift */,
				303EE0942ED6A77000AF7017 /* HomeViewModel.swift */,
				303EE0962ED6A87E00AF7017 /* AddReceipeViewModel.swift */,
			);
			path = ViewModel;
			sourceTree = "<group>";
		};
/* End PBXGroup section */

/* Begin PBXNativeTarget section */
		20FA15462B9A788F00C835F0 /* CookBook */ = {
			isa = PBXNativeTarget;
			buildConfigurationList = 20FA15552B9A789000C835F0 /* Build configuration list for PBXNativeTarget "CookBook" */;
			buildPhases = (
				20FA15432B9A788F00C835F0 /* Sources */,
				20FA15442B9A788F00C835F0 /* Frameworks */,
				20FA15452B9A788F00C835F0 /* Resources */,
			);
			buildRules = (
			);
			dependencies = (
			);
			name = CookBook;
			packageProductDependencies = (
				30530EA12ED9335B0005DA2B /* FirebaseAuth */,
				30530EA32ED9335B0005DA2B /* FirebaseFirestore */,
				30530EA52ED9335B0005DA2B /* FirebaseStorage */,
			);
			productName = CookBook;
			productReference = 20FA15472B9A788F00C835F0 /* CookBook.app */;
			productType = "com.apple.product-type.application";
		};
/* End PBXNativeTarget section */

/* Begin PBXProject section */
		20FA153F2B9A788F00C835F0 /* Project object */ = {
			isa = PBXProject;
			attributes = {
				BuildIndependentTargetsInParallel = 1;
				LastSwiftUpdateCheck = 1500;
				LastUpgradeCheck = 1500;
				TargetAttributes = {
					20FA15462B9A788F00C835F0 = {
						CreatedOnToolsVersion = 15.0.1;
					};
				};
			};
			buildConfigurationList = 20FA15422B9A788F00C835F0 /* Build configuration list for PBXProject "CookBook" */;
			compatibilityVersion = "Xcode 14.0";
			developmentRegion = en;
			hasScannedForEncodings = 0;
			knownRegions = (
				en,
				Base,
			);
			mainGroup = 20FA153E2B9A788F00C835F0;
			packageReferences = (
				30530EA02ED9335B0005DA2B /* XCRemoteSwiftPackageReference "firebase-ios-sdk" */,
			);
			productRefGroup = 20FA15482B9A788F00C835F0 /* Products */;
			projectDirPath = "";
			projectRoot = "";
			targets = (
				20FA15462B9A788F00C835F0 /* CookBook */,
			);
		};
/* End PBXProject section */

/* Begin PBXResourcesBuildPhase section */
		20FA15452B9A788F00C835F0 /* Resources */ = {
			isa = PBXResourcesBuildPhase;
			buildActionMask = 2147483647;
			files = (
				20FA15522B9A789000C835F0 /* Preview Assets.xcassets in Resources */,
				30530E9F2ED931620005DA2B /* GoogleService-Info.plist in Resources */,
				20FA157D2B9B344500C835F0 /* Colors.xcassets in Resources */,
				20FA154F2B9A789000C835F0 /* Assets.xcassets in Resources */,
			);
			runOnlyForDeploymentPostprocessing = 0;
		};
/* End PBXResourcesBuildPhase section */

/* Begin PBXSourcesBuildPhase section */
		20FA15432B9A788F00C835F0 /* Sources */ = {
			isa = PBXSourcesBuildPhase;
			buildActionMask = 2147483647;
			files = (
				303EE08A2ED0BB3500AF7017 /* RegisterViewModel.swift in Sources */,
				20FA15DF2B9BC4C100C835F0 /* Receipe.swift in Sources */,
				30530EA82ED9386F0005DA2B /* Untitled.swift in Sources */,
				20FA15DB2B9BC32B00C835F0 /* HomeView.swift in Sources */,
				303EE0862ED0B62B00AF7017 /* AuthTextField.swift in Sources */,
				309ABA832ED0B01300A67A40 /* LoginView.swift in Sources */,
				30530EAA2ED9387C0005DA2B /* LoadingComponentView.swift in Sources */,
				303EE08F2ED6A0EC00AF7017 /* AddReceipeView.swift in Sources */,
				309ABA8A2ED0B42400A67A40 /* RegisterView.swift in Sources */,
				303EE0932ED6A66900AF7017 /* PrimaryButtonStyle.swift in Sources */,
				309ABA862ED0B34A00A67A40 /* LoginViewModel.swift in Sources */,
				303EE0952ED6A77400AF7017 /* HomeViewModel.swift in Sources */,
				303EE0882ED0B8D100AF7017 /* PasswordTextField.swift in Sources */,
				303EE0912ED6A29800AF7017 /* CapsuleTextFieldStyle.swift in Sources */,
				30530EAC2ED940C30005DA2B /* User.swift in Sources */,
				303EE0972ED6A88300AF7017 /* AddReceipeViewModel.swift in Sources */,
				20FA154B2B9A788F00C835F0 /* CookBookApp.swift in Sources */,
				303EE08D2ED699F600AF7017 /* AuthManager.swift in Sources */,
			);
			runOnlyForDeploymentPostprocessing = 0;
		};
/* End PBXSourcesBuildPhase section */

/* Begin XCBuildConfiguration section */
		20FA15532B9A789000C835F0 /* Debug */ = {
			isa = XCBuildConfiguration;
			buildSettings = {
				ALWAYS_SEARCH_USER_PATHS = NO;
				ASSETCATALOG_COMPILER_GENERATE_SWIFT_ASSET_SYMBOL_EXTENSIONS = YES;
				CLANG_ANALYZER_NONNULL = YES;
				CLANG_ANALYZER_NUMBER_OBJECT_CONVERSION = YES_AGGRESSIVE;
				CLANG_CXX_LANGUAGE_STANDARD = "gnu++20";
				CLANG_ENABLE_MODULES = YES;
				CLANG_ENABLE_OBJC_ARC = YES;
				CLANG_ENABLE_OBJC_WEAK = YES;
				CLANG_WARN_BLOCK_CAPTURE_AUTORELEASING = YES;
				CLANG_WARN_BOOL_CONVERSION = YES;
				CLANG_WARN_COMMA = YES;
				CLANG_WARN_CONSTANT_CONVERSION = YES;
				CLANG_WARN_DEPRECATED_OBJC_IMPLEMENTATIONS = YES;
				CLANG_WARN_DIRECT_OBJC_ISA_USAGE = YES_ERROR;
				CLANG_WARN_DOCUMENTATION_COMMENTS = YES;
				CLANG_WARN_EMPTY_BODY = YES;
				CLANG_WARN_ENUM_CONVERSION = YES;
				CLANG_WARN_INFINITE_RECURSION = YES;
				CLANG_WARN_INT_CONVERSION = YES;
				CLANG_WARN_NON_LITERAL_NULL_CONVERSION = YES;
				CLANG_WARN_OBJC_IMPLICIT_RETAIN_SELF = YES;
				CLANG_WARN_OBJC_LITERAL_CONVERSION = YES;
				CLANG_WARN_OBJC_ROOT_CLASS = YES_ERROR;
				CLANG_WARN_QUOTED_INCLUDE_IN_FRAMEWORK_HEADER = YES;
				CLANG_WARN_RANGE_LOOP_ANALYSIS = YES;
				CLANG_WARN_STRICT_PROTOTYPES = YES;
				CLANG_WARN_SUSPICIOUS_MOVE = YES;
				CLANG_WARN_UNGUARDED_AVAILABILITY = YES_AGGRESSIVE;
				CLANG_WARN_UNREACHABLE_CODE = YES;
				CLANG_WARN__DUPLICATE_METHOD_MATCH = YES;
				COPY_PHASE_STRIP = NO;
				DEBUG_INFORMATION_FORMAT = dwarf;
				ENABLE_STRICT_OBJC_MSGSEND = YES;
				ENABLE_TESTABILITY = YES;
				ENABLE_USER_SCRIPT_SANDBOXING = YES;
				GCC_C_LANGUAGE_STANDARD = gnu17;
				GCC_DYNAMIC_NO_PIC = NO;
				GCC_NO_COMMON_BLOCKS = YES;
				GCC_OPTIMIZATION_LEVEL = 0;
				GCC_PREPROCESSOR_DEFINITIONS = (
					"DEBUG=1",
					"$(inherited)",
				);
				GCC_WARN_64_TO_32_BIT_CONVERSION = YES;
				GCC_WARN_ABOUT_RETURN_TYPE = YES_ERROR;
				GCC_WARN_UNDECLARED_SELECTOR = YES;
				GCC_WARN_UNINITIALIZED_AUTOS = YES_AGGRESSIVE;
				GCC_WARN_UNUSED_FUNCTION = YES;
				GCC_WARN_UNUSED_VARIABLE = YES;
				IPHONEOS_DEPLOYMENT_TARGET = 17.0;
				LOCALIZATION_PREFERS_STRING_CATALOGS = YES;
				MTL_ENABLE_DEBUG_INFO = INCLUDE_SOURCE;
				MTL_FAST_MATH = YES;
				ONLY_ACTIVE_ARCH = YES;
				SDKROOT = iphoneos;
				SWIFT_ACTIVE_COMPILATION_CONDITIONS = "DEBUG $(inherited)";
				SWIFT_OPTIMIZATION_LEVEL = "-Onone";
			};
			name = Debug;
		};
		20FA15542B9A789000C835F0 /* Release */ = {
			isa = XCBuildConfiguration;
			buildSettings = {
				ALWAYS_SEARCH_USER_PATHS = NO;
				ASSETCATALOG_COMPILER_GENERATE_SWIFT_ASSET_SYMBOL_EXTENSIONS = YES;
				CLANG_ANALYZER_NONNULL = YES;
				CLANG_ANALYZER_NUMBER_OBJECT_CONVERSION = YES_AGGRESSIVE;
				CLANG_CXX_LANGUAGE_STANDARD = "gnu++20";
				CLANG_ENABLE_MODULES = YES;
				CLANG_ENABLE_OBJC_ARC = YES;
				CLANG_ENABLE_OBJC_WEAK = YES;
				CLANG_WARN_BLOCK_CAPTURE_AUTORELEASING = YES;
				CLANG_WARN_BOOL_CONVERSION = YES;
				CLANG_WARN_COMMA = YES;
				CLANG_WARN_CONSTANT_CONVERSION = YES;
				CLANG_WARN_DEPRECATED_OBJC_IMPLEMENTATIONS = YES;
				CLANG_WARN_DIRECT_OBJC_ISA_USAGE = YES_ERROR;
				CLANG_WARN_DOCUMENTATION_COMMENTS = YES;
				CLANG_WARN_EMPTY_BODY = YES;
				CLANG_WARN_ENUM_CONVERSION = YES;
				CLANG_WARN_INFINITE_RECURSION = YES;
				CLANG_WARN_INT_CONVERSION = YES;
				CLANG_WARN_NON_LITERAL_NULL_CONVERSION = YES;
				CLANG_WARN_OBJC_IMPLICIT_RETAIN_SELF = YES;
				CLANG_WARN_OBJC_LITERAL_CONVERSION = YES;
				CLANG_WARN_OBJC_ROOT_CLASS = YES_ERROR;
				CLANG_WARN_QUOTED_INCLUDE_IN_FRAMEWORK_HEADER = YES;
				CLANG_WARN_RANGE_LOOP_ANALYSIS = YES;
				CLANG_WARN_STRICT_PROTOTYPES = YES;
				CLANG_WARN_SUSPICIOUS_MOVE = YES;
				CLANG_WARN_UNGUARDED_AVAILABILITY = YES_AGGRESSIVE;
				CLANG_WARN_UNREACHABLE_CODE = YES;
				CLANG_WARN__DUPLICATE_METHOD_MATCH = YES;
				COPY_PHASE_STRIP = NO;
				DEBUG_INFORMATION_FORMAT = "dwarf-with-dsym";
				ENABLE_NS_ASSERTIONS = NO;
				ENABLE_STRICT_OBJC_MSGSEND = YES;
				ENABLE_USER_SCRIPT_SANDBOXING = YES;
				GCC_C_LANGUAGE_STANDARD = gnu17;
				GCC_NO_COMMON_BLOCKS = YES;
				GCC_WARN_64_TO_32_BIT_CONVERSION = YES;
				GCC_WARN_ABOUT_RETURN_TYPE = YES_ERROR;
				GCC_WARN_UNDECLARED_SELECTOR = YES;
				GCC_WARN_UNINITIALIZED_AUTOS = YES_AGGRESSIVE;
				GCC_WARN_UNUSED_FUNCTION = YES;
				GCC_WARN_UNUSED_VARIABLE = YES;
				IPHONEOS_DEPLOYMENT_TARGET = 17.0;
				LOCALIZATION_PREFERS_STRING_CATALOGS = YES;
				MTL_ENABLE_DEBUG_INFO = NO;
				MTL_FAST_MATH = YES;
				SDKROOT = iphoneos;
				SWIFT_COMPILATION_MODE = wholemodule;
				VALIDATE_PRODUCT = YES;
			};
			name = Release;
		};
		20FA15562B9A789000C835F0 /* Debug */ = {
			isa = XCBuildConfiguration;
			buildSettings = {
				ASSETCATALOG_COMPILER_APPICON_NAME = AppIcon;
				ASSETCATALOG_COMPILER_GLOBAL_ACCENT_COLOR_NAME = AccentColor;
				CODE_SIGN_STYLE = Automatic;
				CURRENT_PROJECT_VERSION = 1;
				DEVELOPMENT_ASSET_PATHS = "\"CookBook/Preview Content\"";
				DEVELOPMENT_TEAM = "";
				ENABLE_PREVIEWS = YES;
				GENERATE_INFOPLIST_FILE = YES;
				INFOPLIST_KEY_UIApplicationSceneManifest_Generation = YES;
				INFOPLIST_KEY_UIApplicationSupportsIndirectInputEvents = YES;
				INFOPLIST_KEY_UILaunchScreen_Generation = YES;
				INFOPLIST_KEY_UISupportedInterfaceOrientations_iPad = "UIInterfaceOrientationPortrait UIInterfaceOrientationPortraitUpsideDown UIInterfaceOrientationLandscapeLeft UIInterfaceOrientationLandscapeRight";
				INFOPLIST_KEY_UISupportedInterfaceOrientations_iPhone = "UIInterfaceOrientationPortrait UIInterfaceOrientationLandscapeLeft UIInterfaceOrientationLandscapeRight";
				LD_RUNPATH_SEARCH_PATHS = (
					"$(inherited)",
					"@executable_path/Frameworks",
				);
				MARKETING_VERSION = 1.0;
				PRODUCT_BUNDLE_IDENTIFIER = com.gwinyai.CookBook;
				PRODUCT_NAME = "$(TARGET_NAME)";
				SWIFT_EMIT_LOC_STRINGS = YES;
				SWIFT_VERSION = 5.0;
				TARGETED_DEVICE_FAMILY = "1,2";
			};
			name = Debug;
		};
		20FA15572B9A789000C835F0 /* Release */ = {
			isa = XCBuildConfiguration;
			buildSettings = {
				ASSETCATALOG_COMPILER_APPICON_NAME = AppIcon;
				ASSETCATALOG_COMPILER_GLOBAL_ACCENT_COLOR_NAME = AccentColor;
				CODE_SIGN_STYLE = Automatic;
				CURRENT_PROJECT_VERSION = 1;
				DEVELOPMENT_ASSET_PATHS = "\"CookBook/Preview Content\"";
				DEVELOPMENT_TEAM = "";
				ENABLE_PREVIEWS = YES;
				GENERATE_INFOPLIST_FILE = YES;
				INFOPLIST_KEY_UIApplicationSceneManifest_Generation = YES;
				INFOPLIST_KEY_UIApplicationSupportsIndirectInputEvents = YES;
				INFOPLIST_KEY_UILaunchScreen_Generation = YES;
				INFOPLIST_KEY_UISupportedInterfaceOrientations_iPad = "UIInterfaceOrientationPortrait UIInterfaceOrientationPortraitUpsideDown UIInterfaceOrientationLandscapeLeft UIInterfaceOrientationLandscapeRight";
				INFOPLIST_KEY_UISupportedInterfaceOrientations_iPhone = "UIInterfaceOrientationPortrait UIInterfaceOrientationLandscapeLeft UIInterfaceOrientationLandscapeRight";
				LD_RUNPATH_SEARCH_PATHS = (
					"$(inherited)",
					"@executable_path/Frameworks",
				);
				MARKETING_VERSION = 1.0;
				PRODUCT_BUNDLE_IDENTIFIER = com.gwinyai.CookBook;
				PRODUCT_NAME = "$(TARGET_NAME)";
				SWIFT_EMIT_LOC_STRINGS = YES;
				SWIFT_VERSION = 5.0;
				TARGETED_DEVICE_FAMILY = "1,2";
			};
			name = Release;
		};
/* End XCBuildConfiguration section */

/* Begin XCConfigurationList section */
		20FA15422B9A788F00C835F0 /* Build configuration list for PBXProject "CookBook" */ = {
			isa = XCConfigurationList;
			buildConfigurations = (
				20FA15532B9A789000C835F0 /* Debug */,
				20FA15542B9A789000C835F0 /* Release */,
			);
			defaultConfigurationIsVisible = 0;
			defaultConfigurationName = Release;
		};
		20FA15552B9A789000C835F0 /* Build configuration list for PBXNativeTarget "CookBook" */ = {
			isa = XCConfigurationList;
			buildConfigurations = (
				20FA15562B9A789000C835F0 /* Debug */,
				20FA15572B9A789000C835F0 /* Release */,
			);
			defaultConfigurationIsVisible = 0;
			defaultConfigurationName = Release;
		};
/* End XCConfigurationList section */

/* Begin XCRemoteSwiftPackageReference section */
		30530EA02ED9335B0005DA2B /* XCRemoteSwiftPackageReference "firebase-ios-sdk" */ = {
			isa = XCRemoteSwiftPackageReference;
			repositoryURL = "https://github.com/firebase/firebase-ios-sdk";
			requirement = {
				kind = upToNextMajorVersion;
				minimumVersion = 12.6.0;
			};
		};
/* End XCRemoteSwiftPackageReference section */

/* Begin XCSwiftPackageProductDependency section */
		30530EA12ED9335B0005DA2B /* FirebaseAuth */ = {
			isa = XCSwiftPackageProductDependency;
			package = 30530EA02ED9335B0005DA2B /* XCRemoteSwiftPackageReference "firebase-ios-sdk" */;
			productName = FirebaseAuth;
		};
		30530EA32ED9335B0005DA2B /* FirebaseFirestore */ = {
			isa = XCSwiftPackageProductDependency;
			package = 30530EA02ED9335B0005DA2B /* XCRemoteSwiftPackageReference "firebase-ios-sdk" */;
			productName = FirebaseFirestore;
		};
		30530EA52ED9335B0005DA2B /* FirebaseStorage */ = {
			isa = XCSwiftPackageProductDependency;
			package = 30530EA02ED9335B0005DA2B /* XCRemoteSwiftPackageReference "firebase-ios-sdk" */;
			productName = FirebaseStorage;
		};
/* End XCSwiftPackageProductDependency section */
	};
	rootObject = 20FA153F2B9A788F00C835F0 /* Project object */;
}
